
Microsoft Visual Studio Solution File, Format Version 12.00
# Visual Studio Version 17
VisualStudioVersion = 17.2.32630.192
MinimumVisualStudioVersion = 10.0.40219.1
Project("{9A19103F-16F7-4668-BE54-9A1E7A4F7556}") = "FargoSoulsCN", "FargoSoulsCN.csproj", "{DC96F92F-4A80-4838-9CBF-1C0110D1EEEE}"
EndProject
Global
	GlobalSection(SolutionConfigurationPlatforms) = preSolution
		Debug|Any CPU = Debug|Any CPU
		Release|Any CPU = Release|Any CPU
	EndGlobalSection
	GlobalSection(ProjectConfigurationPlatforms) = postSolution
		{DC96F92F-4A80-4838-9CBF-1C0110D1EEEE}.Debug|Any CPU.ActiveCfg = Debug|Any CPU
		{DC96F92F-4A80-4838-9CBF-1C0110D1EEEE}.Debug|Any CPU.Build.0 = Debug|Any CPU
		{DC96F92F-4A80-4838-9CBF-1C0110D1EEEE}.Release|Any CPU.ActiveCfg = Release|Any CPU
		{DC96F92F-4A80-4838-9CBF-1C0110D1EEEE}.Release|Any CPU.Build.0 = Release|Any CPU
	EndGlobalSection
	GlobalSection(SolutionProperties) = preSolution
		HideSolutionNode = FALSE
	EndGlobalSection
	GlobalSection(ExtensibilityGlobals) = postSolution
		SolutionGuid = {B7409143-E58E-4B5C-9E57-D738A7807548}
	EndGlobalSection
EndGlobal
